
Microsoft Visual Studio Solution File, Format Version 12.00
# Visual Studio Version 17
VisualStudioVersion = 17.4.33205.214
MinimumVisualStudioVersion = 10.0.40219.1
Project("{9A19103F-16F7-4668-BE54-9A1E7A4F7556}") = "ReportingSystem", "ReportingSystem\ReportingSystem.csproj", "{2BC89592-0742-47A6-9240-BD2C8BF79DB0}"
EndProject
Project("{FAE04EC0-301F-11D3-BF4B-00C04F79EFBC}") = "Utils", "Utils\Utils.csproj", "{46C02665-B24E-4CDC-B075-D580ADCB44EC}"
EndProject
Global
	GlobalSection(SolutionConfigurationPlatforms) = preSolution
		Debug|Any CPU = Debug|Any CPU
		Release|Any CPU = Release|Any CPU
	EndGlobalSection
	GlobalSection(ProjectConfigurationPlatforms) = postSolution
		{2BC89592-0742-47A6-9240-BD2C8BF79DB0}.Debug|Any CPU.ActiveCfg = Debug|Any CPU
		{2BC89592-0742-47A6-9240-BD2C8BF79DB0}.Debug|Any CPU.Build.0 = Debug|Any CPU
		{2BC89592-0742-47A6-9240-BD2C8BF79DB0}.Release|Any CPU.ActiveCfg = Release|Any CPU
		{2BC89592-0742-47A6-9240-BD2C8BF79DB0}.Release|Any CPU.Build.0 = Release|Any CPU
		{46C02665-B24E-4CDC-B075-D580ADCB44EC}.Debug|Any CPU.ActiveCfg = Debug|Any CPU
		{46C02665-B24E-4CDC-B075-D580ADCB44EC}.Debug|Any CPU.Build.0 = Debug|Any CPU
		{46C02665-B24E-4CDC-B075-D580ADCB44EC}.Release|Any CPU.ActiveCfg = Release|Any CPU
		{46C02665-B24E-4CDC-B075-D580ADCB44EC}.Release|Any CPU.Build.0 = Release|Any CPU
	EndGlobalSection
	GlobalSection(SolutionProperties) = preSolution
		HideSolutionNode = FALSE
	EndGlobalSection
	GlobalSection(ExtensibilityGlobals) = postSolution
		SolutionGuid = {8C45D9D2-CD20-489E-BAF4-302780209E3D}
	EndGlobalSection
EndGlobal
